
Microsoft Visual Studio Solution File, Format Version 12.00
# Visual Studio 2012
Project("{FAE04EC0-301F-11D3-BF4B-00C04F79EFBC}") = "test_enum_wpd_cs", "test_enum_wpd_cs_vs2012.csproj", "{1435C5F5-5A0F-4422-B0D8-4EA6F378C8BC}"
EndProject
Global
	GlobalSection(SolutionConfigurationPlatforms) = preSolution
		Debug|Any CPU = Debug|Any CPU
		Release|Any CPU = Release|Any CPU
	EndGlobalSection
	GlobalSection(ProjectConfigurationPlatforms) = postSolution
		{1435C5F5-5A0F-4422-B0D8-4EA6F378C8BC}.Debug|Any CPU.ActiveCfg = Debug|Any CPU
		{1435C5F5-5A0F-4422-B0D8-4EA6F378C8BC}.Debug|Any CPU.Build.0 = Debug|Any CPU
		{1435C5F5-5A0F-4422-B0D8-4EA6F378C8BC}.Release|Any CPU.ActiveCfg = Release|Any CPU
		{1435C5F5-5A0F-4422-B0D8-4EA6F378C8BC}.Release|Any CPU.Build.0 = Release|Any CPU
	EndGlobalSection
	GlobalSection(SolutionProperties) = preSolution
		HideSolutionNode = FALSE
	EndGlobalSection
EndGlobal
