
Microsoft Visual Studio Solution File, Format Version 10.00
# Visual Studio 2008
Project("{FAE04EC0-301F-11D3-BF4B-00C04F79EFBC}") = "test_enum_wpd_cs", "test_enum_wpd_cs_vs2008.csproj", "{87B047AF-A95C-4507-B81B-BC13B5EA189E}"
EndProject
Global
	GlobalSection(SolutionConfigurationPlatforms) = preSolution
		Debug|Any CPU = Debug|Any CPU
		Release|Any CPU = Release|Any CPU
	EndGlobalSection
	GlobalSection(ProjectConfigurationPlatforms) = postSolution
		{87B047AF-A95C-4507-B81B-BC13B5EA189E}.Debug|Any CPU.ActiveCfg = Debug|Any CPU
		{87B047AF-A95C-4507-B81B-BC13B5EA189E}.Debug|Any CPU.Build.0 = Debug|Any CPU
		{87B047AF-A95C-4507-B81B-BC13B5EA189E}.Release|Any CPU.ActiveCfg = Release|Any CPU
		{87B047AF-A95C-4507-B81B-BC13B5EA189E}.Release|Any CPU.Build.0 = Release|Any CPU
	EndGlobalSection
	GlobalSection(SolutionProperties) = preSolution
		HideSolutionNode = FALSE
	EndGlobalSection
EndGlobal
